// !$*UTF8*$!
{
	archiveVersion = 1;
	classes = {
	};
	objectVersion = 46;
	objects = {

/* Begin PBXBuildFile section */
		9C60F5FE1A9B5B1F00FA55C0 /* AppDelegate.swift in Sources */ = {isa = PBXBuildFile; fileRef = 9C60F5FD1A9B5B1F00FA55C0 /* AppDelegate.swift */; };
		9C60F6001A9B5B1F00FA55C0 /* ViewController.swift in Sources */ = {isa = PBXBuildFile; fileRef = 9C60F5FF1A9B5B1F00FA55C0 /* ViewController.swift */; };
		9C60F6031A9B5B1F00FA55C0 /* Main.storyboard in Resources */ = {isa = PBXBuildFile; fileRef = 9C60F6011A9B5B1F00FA55C0 /* Main.storyboard */; };
		9C60F6051A9B5B1F00FA55C0 /* Images.xcassets in Resources */ = {isa = PBXBuildFile; fileRef = 9C60F6041A9B5B1F00FA55C0 /* Images.xcassets */; };
		9C60F6081A9B5B1F00FA55C0 /* LaunchScreen.xib in Resources */ = {isa = PBXBuildFile; fileRef = 9C60F6061A9B5B1F00FA55C0 /* LaunchScreen.xib */; };
		9C60F6141A9B5B1F00FA55C0 /* queryLanguageOverCSVHBTests.swift in Sources */ = {isa = PBXBuildFile; fileRef = 9C60F6131A9B5B1F00FA55C0 /* queryLanguageOverCSVHBTests.swift */; };
		9C60F61F1A9B635200FA55C0 /* testCSV.txt in Resources */ = {isa = PBXBuildFile; fileRef = 9C60F61E1A9B635200FA55C0 /* testCSV.txt */; };
/* End PBXBuildFile section */

/* Begin PBXContainerItemProxy section */
		9C60F60E1A9B5B1F00FA55C0 /* PBXContainerItemProxy */ = {
			isa = PBXContainerItemProxy;
			containerPortal = 9C60F5F01A9B5B1F00FA55C0 /* Project object */;
			proxyType = 1;
			remoteGlobalIDString = 9C60F5F71A9B5B1F00FA55C0;
			remoteInfo = queryLanguageOverCSVHB;
		};
/* End PBXContainerItemProxy section */

/* Begin PBXFileReference section */
		9C60F5F81A9B5B1F00FA55C0 /* queryLanguageOverCSVHB.app */ = {isa = PBXFileReference; explicitFileType = wrapper.application; includeInIndex = 0; path = queryLanguageOverCSVHB.app; sourceTree = BUILT_PRODUCTS_DIR; };
		9C60F5FC1A9B5B1F00FA55C0 /* Info.plist */ = {isa = PBXFileReference; lastKnownFileType = text.plist.xml; path = Info.plist; sourceTree = "<group>"; };
		9C60F5FD1A9B5B1F00FA55C0 /* AppDelegate.swift */ = {isa = PBXFileReference; lastKnownFileType = sourcecode.swift; path = AppDelegate.swift; sourceTree = "<group>"; };
		9C60F5FF1A9B5B1F00FA55C0 /* ViewController.swift */ = {isa = PBXFileReference; lastKnownFileType = sourcecode.swift; path = ViewController.swift; sourceTree = "<group>"; };
		9C60F6021A9B5B1F00FA55C0 /* Base */ = {isa = PBXFileReference; lastKnownFileType = file.storyboard; name = Base; path = Base.lproj/Main.storyboard; sourceTree = "<group>"; };
		9C60F6041A9B5B1F00FA55C0 /* Images.xcassets */ = {isa = PBXFileReference; lastKnownFileType = folder.assetcatalog; path = Images.xcassets; sourceTree = "<group>"; };
		9C60F6071A9B5B1F00FA55C0 /* Base */ = {isa = PBXFileReference; lastKnownFileType = file.xib; name = Base; path = Base.lproj/LaunchScreen.xib; sourceTree = "<group>"; };
		9C60F60D1A9B5B1F00FA55C0 /* queryLanguageOverCSVHBTests.xctest */ = {isa = PBXFileReference; explicitFileType = wrapper.cfbundle; includeInIndex = 0; path = queryLanguageOverCSVHBTests.xctest; sourceTree = BUILT_PRODUCTS_DIR; };
		9C60F6121A9B5B1F00FA55C0 /* Info.plist */ = {isa = PBXFileReference; lastKnownFileType = text.plist.xml; path = Info.plist; sourceTree = "<group>"; };
		9C60F6131A9B5B1F00FA55C0 /* queryLanguageOverCSVHBTests.swift */ = {isa = PBXFileReference; lastKnownFileType = sourcecode.swift; path = queryLanguageOverCSVHBTests.swift; sourceTree = "<group>"; };
		9C60F61D1A9B632800FA55C0 /* MyPlayground.playground */ = {isa = PBXFileReference; lastKnownFileType = file.playground; path = MyPlayground.playground; sourceTree = "<group>"; };
		9C60F61E1A9B635200FA55C0 /* testCSV.txt */ = {isa = PBXFileReference; fileEncoding = 4; lastKnownFileType = text; path = testCSV.txt; sourceTree = "<group>"; };
/* End PBXFileReference section */

/* Begin PBXFrameworksBuildPhase section */
		9C60F5F51A9B5B1F00FA55C0 /* Frameworks */ = {
			isa = PBXFrameworksBuildPhase;
			buildActionMask = 2147483647;
			files = (
			);
			runOnlyForDeploymentPostprocessing = 0;
		};
		9C60F60A1A9B5B1F00FA55C0 /* Frameworks */ = {
			isa = PBXFrameworksBuildPhase;
			buildActionMask = 2147483647;
			files = (
			);
			runOnlyForDeploymentPostprocessing = 0;
		};
/* End PBXFrameworksBuildPhase section */

/* Begin PBXGroup section */
		9C60F5EF1A9B5B1F00FA55C0 = {
			isa = PBXGroup;
			children = (
				9C60F5FA1A9B5B1F00FA55C0 /* queryLanguageOverCSVHB */,
				9C60F6101A9B5B1F00FA55C0 /* queryLanguageOverCSVHBTests */,
				9C60F5F91A9B5B1F00FA55C0 /* Products */,
			);
			sourceTree = "<group>";
		};
		9C60F5F91A9B5B1F00FA55C0 /* Products */ = {
			isa = PBXGroup;
			children = (
				9C60F5F81A9B5B1F00FA55C0 /* queryLanguageOverCSVHB.app */,
				9C60F60D1A9B5B1F00FA55C0 /* queryLanguageOverCSVHBTests.xctest */,
			);
			name = Products;
			sourceTree = "<group>";
		};
		9C60F5FA1A9B5B1F00FA55C0 /* queryLanguageOverCSVHB */ = {
			isa = PBXGroup;
			children = (
				9C60F5FD1A9B5B1F00FA55C0 /* AppDelegate.swift */,
				9C60F5FF1A9B5B1F00FA55C0 /* ViewController.swift */,
				9C60F61D1A9B632800FA55C0 /* MyPlayground.playground */,
				9C60F6011A9B5B1F00FA55C0 /* Main.storyboard */,
				9C60F6041A9B5B1F00FA55C0 /* Images.xcassets */,
				9C60F6061A9B5B1F00FA55C0 /* LaunchScreen.xib */,
				9C60F5FB1A9B5B1F00FA55C0 /* Supporting Files */,
			);
			path = queryLanguageOverCSVHB;
			sourceTree = "<group>";
		};
		9C60F5FB1A9B5B1F00FA55C0 /* Supporting Files */ = {
			isa = PBXGroup;
			children = (
				9C60F61E1A9B635200FA55C0 /* testCSV.txt */,
				9C60F5FC1A9B5B1F00FA55C0 /* Info.plist */,
			);
			name = "Supporting Files";
			sourceTree = "<group>";
		};
		9C60F6101A9B5B1F00FA55C0 /* queryLanguageOverCSVHBTests */ = {
			isa = PBXGroup;
			children = (
				9C60F6131A9B5B1F00FA55C0 /* queryLanguageOverCSVHBTests.swift */,
				9C60F6111A9B5B1F00FA55C0 /* Supporting Files */,
			);
			path = queryLanguageOverCSVHBTests;
			sourceTree = "<group>";
		};
		9C60F6111A9B5B1F00FA55C0 /* Supporting Files */ = {
			isa = PBXGroup;
			children = (
				9C60F6121A9B5B1F00FA55C0 /* Info.plist */,
			);
			name = "Supporting Files";
			sourceTree = "<group>";
		};
/* End PBXGroup section */

/* Begin PBXNativeTarget section */
		9C60F5F71A9B5B1F00FA55C0 /* queryLanguageOverCSVHB */ = {
			isa = PBXNativeTarget;
			buildConfigurationList = 9C60F6171A9B5B1F00FA55C0 /* Build configuration list for PBXNativeTarget "queryLanguageOverCSVHB" */;
			buildPhases = (
				9C60F5F41A9B5B1F00FA55C0 /* Sources */,
				9C60F5F51A9B5B1F00FA55C0 /* Frameworks */,
				9C60F5F61A9B5B1F00FA55C0 /* Resources */,
			);
			buildRules = (
			);
			dependencies = (
			);
			name = queryLanguageOverCSVHB;
			productName = queryLanguageOverCSVHB;
			productReference = 9C60F5F81A9B5B1F00FA55C0 /* queryLanguageOverCSVHB.app */;
			productType = "com.apple.product-type.application";
		};
		9C60F60C1A9B5B1F00FA55C0 /* queryLanguageOverCSVHBTests */ = {
			isa = PBXNativeTarget;
			buildConfigurationList = 9C60F61A1A9B5B1F00FA55C0 /* Build configuration list for PBXNativeTarget "queryLanguageOverCSVHBTests" */;
			buildPhases = (
				9C60F6091A9B5B1F00FA55C0 /* Sources */,
				9C60F60A1A9B5B1F00FA55C0 /* Frameworks */,
				9C60F60B1A9B5B1F00FA55C0 /* Resources */,
			);
			buildRules = (
			);
			dependencies = (
				9C60F60F1A9B5B1F00FA55C0 /* PBXTargetDependency */,
			);
			name = queryLanguageOverCSVHBTests;
			productName = queryLanguageOverCSVHBTests;
			productReference = 9C60F60D1A9B5B1F00FA55C0 /* queryLanguageOverCSVHBTests.xctest */;
			productType = "com.apple.product-type.bundle.unit-test";
		};
/* End PBXNativeTarget section */

/* Begin PBXProject section */
		9C60F5F01A9B5B1F00FA55C0 /* Project object */ = {
			isa = PBXProject;
			attributes = {
				LastUpgradeCheck = 0610;
				ORGANIZATIONNAME = "Angel Kukushev";
				TargetAttributes = {
					9C60F5F71A9B5B1F00FA55C0 = {
						CreatedOnToolsVersion = 6.1.1;
					};
					9C60F60C1A9B5B1F00FA55C0 = {
						CreatedOnToolsVersion = 6.1.1;
						TestTargetID = 9C60F5F71A9B5B1F00FA55C0;
					};
				};
			};
			buildConfigurationList = 9C60F5F31A9B5B1F00FA55C0 /* Build configuration list for PBXProject "queryLanguageOverCSVHB" */;
			compatibilityVersion = "Xcode 3.2";
			developmentRegion = English;
			hasScannedForEncodings = 0;
			knownRegions = (
				en,
				Base,
			);
			mainGroup = 9C60F5EF1A9B5B1F00FA55C0;
			productRefGroup = 9C60F5F91A9B5B1F00FA55C0 /* Products */;
			projectDirPath = "";
			projectRoot = "";
			targets = (
				9C60F5F71A9B5B1F00FA55C0 /* queryLanguageOverCSVHB */,
				9C60F60C1A9B5B1F00FA55C0 /* queryLanguageOverCSVHBTests */,
			);
		};
/* End PBXProject section */

/* Begin PBXResourcesBuildPhase section */
		9C60F5F61A9B5B1F00FA55C0 /* Resources */ = {
			isa = PBXResourcesBuildPhase;
			buildActionMask = 2147483647;
			files = (
				9C60F6031A9B5B1F00FA55C0 /* Main.storyboard in Resources */,
				9C60F61F1A9B635200FA55C0 /* testCSV.txt in Resources */,
				9C60F6081A9B5B1F00FA55C0 /* LaunchScreen.xib in Resources */,
				9C60F6051A9B5B1F00FA55C0 /* Images.xcassets in Resources */,
			);
			runOnlyForDeploymentPostprocessing = 0;
		};
		9C60F60B1A9B5B1F00FA55C0 /* Resources */ = {
			isa = PBXResourcesBuildPhase;
			buildActionMask = 2147483647;
			files = (
			);
			runOnlyForDeploymentPostprocessing = 0;
		};
/* End PBXResourcesBuildPhase section */

/* Begin PBXSourcesBuildPhase section */
		9C60F5F41A9B5B1F00FA55C0 /* Sources */ = {
			isa = PBXSourcesBuildPhase;
			buildActionMask = 2147483647;
			files = (
				9C60F6001A9B5B1F00FA55C0 /* ViewController.swift in Sources */,
				9C60F5FE1A9B5B1F00FA55C0 /* AppDelegate.swift in Sources */,
			);
			runOnlyForDeploymentPostprocessing = 0;
		};
		9C60F6091A9B5B1F00FA55C0 /* Sources */ = {
			isa = PBXSourcesBuildPhase;
			buildActionMask = 2147483647;
			files = (
				9C60F6141A9B5B1F00FA55C0 /* queryLanguageOverCSVHBTests.swift in Sources */,
			);
			runOnlyForDeploymentPostprocessing = 0;
		};
/* End PBXSourcesBuildPhase section */

/* Begin PBXTargetDependency section */
		9C60F60F1A9B5B1F00FA55C0 /* PBXTargetDependency */ = {
			isa = PBXTargetDependency;
			target = 9C60F5F71A9B5B1F00FA55C0 /* queryLanguageOverCSVHB */;
			targetProxy = 9C60F60E1A9B5B1F00FA55C0 /* PBXContainerItemProxy */;
		};
/* End PBXTargetDependency section */

/* Begin PBXVariantGroup section */
		9C60F6011A9B5B1F00FA55C0 /* Main.storyboard */ = {
			isa = PBXVariantGroup;
			children = (
				9C60F6021A9B5B1F00FA55C0 /* Base */,
			);
			name = Main.storyboard;
			sourceTree = "<group>";
		};
		9C60F6061A9B5B1F00FA55C0 /* LaunchScreen.xib */ = {
			isa = PBXVariantGroup;
			children = (
				9C60F6071A9B5B1F00FA55C0 /* Base */,
			);
			name = LaunchScreen.xib;
			sourceTree = "<group>";
		};
/* End PBXVariantGroup section */

/* Begin XCBuildConfiguration section */
		9C60F6151A9B5B1F00FA55C0 /* Debug */ = {
			isa = XCBuildConfiguration;
			buildSettings = {
				ALWAYS_SEARCH_USER_PATHS = NO;
				CLANG_CXX_LANGUAGE_STANDARD = "gnu++0x";
				CLANG_CXX_LIBRARY = "libc++";
				CLANG_ENABLE_MODULES = YES;
				CLANG_ENABLE_OBJC_ARC = YES;
				CLANG_WARN_BOOL_CONVERSION = YES;
				CLANG_WARN_CONSTANT_CONVERSION = YES;
				CLANG_WARN_DIRECT_OBJC_ISA_USAGE = YES_ERROR;
				CLANG_WARN_EMPTY_BODY = YES;
				CLANG_WARN_ENUM_CONVERSION = YES;
				CLANG_WARN_INT_CONVERSION = YES;
				CLANG_WARN_OBJC_ROOT_CLASS = YES_ERROR;
				CLANG_WARN_UNREACHABLE_CODE = YES;
				CLANG_WARN__DUPLICATE_METHOD_MATCH = YES;
				"CODE_SIGN_IDENTITY[sdk=iphoneos*]" = "iPhone Developer";
				COPY_PHASE_STRIP = NO;
				ENABLE_STRICT_OBJC_MSGSEND = YES;
				GCC_C_LANGUAGE_STANDARD = gnu99;
				GCC_DYNAMIC_NO_PIC = NO;
				GCC_OPTIMIZATION_LEVEL = 0;
				GCC_PREPROCESSOR_DEFINITIONS = (
					"DEBUG=1",
					"$(inherited)",
				);
				GCC_SYMBOLS_PRIVATE_EXTERN = NO;
				GCC_WARN_64_TO_32_BIT_CONVERSION = YES;
				GCC_WARN_ABOUT_RETURN_TYPE = YES_ERROR;
				GCC_WARN_UNDECLARED_SELECTOR = YES;
				GCC_WARN_UNINITIALIZED_AUTOS = YES_AGGRESSIVE;
				GCC_WARN_UNUSED_FUNCTION = YES;
				GCC_WARN_UNUSED_VARIABLE = YES;
				IPHONEOS_DEPLOYMENT_TARGET = 8.1;
				MTL_ENABLE_DEBUG_INFO = YES;
				ONLY_ACTIVE_ARCH = YES;
				SDKROOT = iphoneos;
				SWIFT_OPTIMIZATION_LEVEL = "-Onone";
			};
			name = Debug;
		};
		9C60F6161A9B5B1F00FA55C0 /* Release */ = {
			isa = XCBuildConfiguration;
			buildSettings = {
				ALWAYS_SEARCH_USER_PATHS = NO;
				CLANG_CXX_LANGUAGE_STANDARD = "gnu++0x";
				CLANG_CXX_LIBRARY = "libc++";
				CLANG_ENABLE_MODULES = YES;
				CLANG_ENABLE_OBJC_ARC = YES;
				CLANG_WARN_BOOL_CONVERSION = YES;
				CLANG_WARN_CONSTANT_CONVERSION = YES;
				CLANG_WARN_DIRECT_OBJC_ISA_USAGE = YES_ERROR;
				CLANG_WARN_EMPTY_BODY = YES;
				CLANG_WARN_ENUM_CONVERSION = YES;
				CLANG_WARN_INT_CONVERSION = YES;
				CLANG_WARN_OBJC_ROOT_CLASS = YES_ERROR;
				CLANG_WARN_UNREACHABLE_CODE = YES;
				CLANG_WARN__DUPLICATE_METHOD_MATCH = YES;
				"CODE_SIGN_IDENTITY[sdk=iphoneos*]" = "iPhone Developer";
				COPY_PHASE_STRIP = YES;
				ENABLE_NS_ASSERTIONS = NO;
				ENABLE_STRICT_OBJC_MSGSEND = YES;
				GCC_C_LANGUAGE_STANDARD = gnu99;
				GCC_WARN_64_TO_32_BIT_CONVERSION = YES;
				GCC_WARN_ABOUT_RETURN_TYPE = YES_ERROR;
				GCC_WARN_UNDECLARED_SELECTOR = YES;
				GCC_WARN_UNINITIALIZED_AUTOS = YES_AGGRESSIVE;
				GCC_WARN_UNUSED_FUNCTION = YES;
				GCC_WARN_UNUSED_VARIABLE = YES;
				IPHONEOS_DEPLOYMENT_TARGET = 8.1;
				MTL_ENABLE_DEBUG_INFO = NO;
				SDKROOT = iphoneos;
				VALIDATE_PRODUCT = YES;
			};
			name = Release;
		};
		9C60F6181A9B5B1F00FA55C0 /* Debug */ = {
			isa = XCBuildConfiguration;
			buildSettings = {
				ASSETCATALOG_COMPILER_APPICON_NAME = AppIcon;
				INFOPLIST_FILE = queryLanguageOverCSVHB/Info.plist;
				LD_RUNPATH_SEARCH_PATHS = "$(inherited) @executable_path/Frameworks";
				PRODUCT_NAME = "$(TARGET_NAME)";
			};
			name = Debug;
		};
		9C60F6191A9B5B1F00FA55C0 /* Release */ = {
			isa = XCBuildConfiguration;
			buildSettings = {
				ASSETCATALOG_COMPILER_APPICON_NAME = AppIcon;
				INFOPLIST_FILE = queryLanguageOverCSVHB/Info.plist;
				LD_RUNPATH_SEARCH_PATHS = "$(inherited) @executable_path/Frameworks";
				PRODUCT_NAME = "$(TARGET_NAME)";
			};
			name = Release;
		};
		9C60F61B1A9B5B1F00FA55C0 /* Debug */ = {
			isa = XCBuildConfiguration;
			buildSettings = {
				BUNDLE_LOADER = "$(TEST_HOST)";
				FRAMEWORK_SEARCH_PATHS = (
					"$(SDKROOT)/Developer/Library/Frameworks",
					"$(inherited)",
				);
				GCC_PREPROCESSOR_DEFINITIONS = (
					"DEBUG=1",
					"$(inherited)",
				);
				INFOPLIST_FILE = queryLanguageOverCSVHBTests/Info.plist;
				LD_RUNPATH_SEARCH_PATHS = "$(inherited) @executable_path/Frameworks @loader_path/Frameworks";
				PRODUCT_NAME = "$(TARGET_NAME)";
				TEST_HOST = "$(BUILT_PRODUCTS_DIR)/queryLanguageOverCSVHB.app/queryLanguageOverCSVHB";
			};
			name = Debug;
		};
		9C60F61C1A9B5B1F00FA55C0 /* Release */ = {
			isa = XCBuildConfiguration;
			buildSettings = {
				BUNDLE_LOADER = "$(TEST_HOST)";
				FRAMEWORK_SEARCH_PATHS = (
					"$(SDKROOT)/Developer/Library/Frameworks",
					"$(inherited)",
				);
				INFOPLIST_FILE = queryLanguageOverCSVHBTests/Info.plist;
				LD_RUNPATH_SEARCH_PATHS = "$(inherited) @executable_path/Frameworks @loader_path/Frameworks";
				PRODUCT_NAME = "$(TARGET_NAME)";
				TEST_HOST = "$(BUILT_PRODUCTS_DIR)/queryLanguageOverCSVHB.app/queryLanguageOverCSVHB";
			};
			name = Release;
		};
/* End XCBuildConfiguration section */

/* Begin XCConfigurationList section */
		9C60F5F31A9B5B1F00FA55C0 /* Build configuration list for PBXProject "queryLanguageOverCSVHB" */ = {
			isa = XCConfigurationList;
			buildConfigurations = (
				9C60F6151A9B5B1F00FA55C0 /* Debug */,
				9C60F6161A9B5B1F00FA55C0 /* Release */,
			);
			defaultConfigurationIsVisible = 0;
			defaultConfigurationName = Release;
		};
		9C60F6171A9B5B1F00FA55C0 /* Build configuration list for PBXNativeTarget "queryLanguageOverCSVHB" */ = {
			isa = XCConfigurationList;
			buildConfigurations = (
				9C60F6181A9B5B1F00FA55C0 /* Debug */,
				9C60F6191A9B5B1F00FA55C0 /* Release */,
			);
			defaultConfigurationIsVisible = 0;
			defaultConfigurationName = Release;
		};
		9C60F61A1A9B5B1F00FA55C0 /* Build configuration list for PBXNativeTarget "queryLanguageOverCSVHBTests" */ = {
			isa = XCConfigurationList;
			buildConfigurations = (
				9C60F61B1A9B5B1F00FA55C0 /* Debug */,
				9C60F61C1A9B5B1F00FA55C0 /* Release */,
			);
			defaultConfigurationIsVisible = 0;
			defaultConfigurationName = Release;
		};
/* End XCConfigurationList section */
	};
	rootObject = 9C60F5F01A9B5B1F00FA55C0 /* Project object */;
}
